
Microsoft Visual Studio Solution File, Format Version 12.00
# Visual Studio Version 17
VisualStudioVersion = 17.0.31903.59
MinimumVisualStudioVersion = 10.0.40219.1
Project("{FAE04EC0-301F-11D3-BF4B-00C04F79EFBC}") = "Brobot", "src\Brobot\Brobot.csproj", "{5278E9EE-50AF-4C87-8B3B-50FF9018FFD0}"
EndProject
Project("{FAE04EC0-301F-11D3-BF4B-00C04F79EFBC}") = "Brobot.Frontend", "src\Brobot.Frontend\Brobot.Frontend.csproj", "{13311AAA-B371-4810-A799-7158D95D7C46}"
EndProject
Project("{FAE04EC0-301F-11D3-BF4B-00C04F79EFBC}") = "Brobot.Shared", "src\Brobot.Shared\Brobot.Shared.csproj", "{5DD910A2-463F-41F2-BD7A-D182B26C5D7B}"
EndProject
Project("{2150E333-8FDC-42A3-9474-1A3956D46DE8}") = "tests", "tests", "{BCDE8BD7-145E-476E-A11C-CFBB9629BF39}"
EndProject
Project("{FAE04EC0-301F-11D3-BF4B-00C04F79EFBC}") = "Brobot.Tests", "tests\Brobot.Tests\Brobot.Tests.csproj", "{2F9AE852-0DB9-4418-A574-DC663C2371DC}"
EndProject
Global
	GlobalSection(SolutionConfigurationPlatforms) = preSolution
		Debug|Any CPU = Debug|Any CPU
		Release|Any CPU = Release|Any CPU
	EndGlobalSection
	GlobalSection(SolutionProperties) = preSolution
		HideSolutionNode = FALSE
	EndGlobalSection
	GlobalSection(ProjectConfigurationPlatforms) = postSolution
		{5278E9EE-50AF-4C87-8B3B-50FF9018FFD0}.Debug|Any CPU.ActiveCfg = Debug|Any CPU
		{5278E9EE-50AF-4C87-8B3B-50FF9018FFD0}.Debug|Any CPU.Build.0 = Debug|Any CPU
		{5278E9EE-50AF-4C87-8B3B-50FF9018FFD0}.Release|Any CPU.ActiveCfg = Release|Any CPU
		{5278E9EE-50AF-4C87-8B3B-50FF9018FFD0}.Release|Any CPU.Build.0 = Release|Any CPU
		{13311AAA-B371-4810-A799-7158D95D7C46}.Debug|Any CPU.ActiveCfg = Debug|Any CPU
		{13311AAA-B371-4810-A799-7158D95D7C46}.Debug|Any CPU.Build.0 = Debug|Any CPU
		{13311AAA-B371-4810-A799-7158D95D7C46}.Release|Any CPU.ActiveCfg = Release|Any CPU
		{13311AAA-B371-4810-A799-7158D95D7C46}.Release|Any CPU.Build.0 = Release|Any CPU
		{5DD910A2-463F-41F2-BD7A-D182B26C5D7B}.Debug|Any CPU.ActiveCfg = Debug|Any CPU
		{5DD910A2-463F-41F2-BD7A-D182B26C5D7B}.Debug|Any CPU.Build.0 = Debug|Any CPU
		{5DD910A2-463F-41F2-BD7A-D182B26C5D7B}.Release|Any CPU.ActiveCfg = Release|Any CPU
		{5DD910A2-463F-41F2-BD7A-D182B26C5D7B}.Release|Any CPU.Build.0 = Release|Any CPU
		{2F9AE852-0DB9-4418-A574-DC663C2371DC}.Debug|Any CPU.ActiveCfg = Debug|Any CPU
		{2F9AE852-0DB9-4418-A574-DC663C2371DC}.Debug|Any CPU.Build.0 = Debug|Any CPU
		{2F9AE852-0DB9-4418-A574-DC663C2371DC}.Release|Any CPU.ActiveCfg = Release|Any CPU
		{2F9AE852-0DB9-4418-A574-DC663C2371DC}.Release|Any CPU.Build.0 = Release|Any CPU
	EndGlobalSection
	GlobalSection(NestedProjects) = preSolution
		{2F9AE852-0DB9-4418-A574-DC663C2371DC} = {BCDE8BD7-145E-476E-A11C-CFBB9629BF39}
	EndGlobalSection
EndGlobal
